
Microsoft Visual Studio Solution File, Format Version 12.00
# Visual Studio Version 17
VisualStudioVersion = 17.5.002.0
MinimumVisualStudioVersion = 10.0.40219.1
Project("{9A19103F-16F7-4668-BE54-9A1E7A4F7556}") = "TestProject", "TestProject.csproj", "{0362153A-B66F-4B0C-BB34-D31EE0433D01}"
EndProject
Global
	GlobalSection(SolutionConfigurationPlatforms) = preSolution
		Debug|Any CPU = Debug|Any CPU
		Release|Any CPU = Release|Any CPU
	EndGlobalSection
	GlobalSection(ProjectConfigurationPlatforms) = postSolution
		{0362153A-B66F-4B0C-BB34-D31EE0433D01}.Debug|Any CPU.ActiveCfg = Debug|Any CPU
		{0362153A-B66F-4B0C-BB34-D31EE0433D01}.Debug|Any CPU.Build.0 = Debug|Any CPU
		{0362153A-B66F-4B0C-BB34-D31EE0433D01}.Release|Any CPU.ActiveCfg = Release|Any CPU
		{0362153A-B66F-4B0C-BB34-D31EE0433D01}.Release|Any CPU.Build.0 = Release|Any CPU
	EndGlobalSection
	GlobalSection(SolutionProperties) = preSolution
		HideSolutionNode = FALSE
	EndGlobalSection
	GlobalSection(ExtensibilityGlobals) = postSolution
		SolutionGuid = {47B398A1-BBFA-45F5-B816-FCEC67DE7D5D}
	EndGlobalSection
EndGlobal
